{
  "version": "5",
  "specifiers": {
    "jsr:@oak/commons@*": "1.0.1",
    "jsr:@oak/commons@1": "1.0.1",
    "jsr:@oak/oak@*": "17.1.4",
    "jsr:@oak/oak@^17.1.4": "17.1.4",
    "jsr:@std/assert@1": "1.0.13",
    "jsr:@std/bytes@1": "1.0.5",
    "jsr:@std/crypto@1": "1.0.4",
    "jsr:@std/encoding@1": "1.0.10",
    "jsr:@std/encoding@^1.0.10": "1.0.10",
    "jsr:@std/fs@*": "1.0.17",
    "jsr:@std/http@1": "1.0.15",
    "jsr:@std/internal@^1.0.6": "1.0.6",
    "jsr:@std/media-types@1": "1.1.0",
    "jsr:@std/path@*": "1.0.9",
    "jsr:@std/path@1": "1.0.9",
    "jsr:@std/path@^1.0.9": "1.0.9",
    "npm:@rspack/core@*": "1.3.8",
    "npm:@rspack/core@^1.3.8": "1.3.8",
    "npm:@types/node@*": "22.12.0",
    "npm:chalk@*": "5.4.1",
    "npm:chalk@^5.4.1": "5.4.1",
    "npm:p5@^2.0.1": "2.0.1",
    "npm:path-to-regexp@^6.3.0": "6.3.0"
  },
  "jsr": {
    "@oak/commons@1.0.1": {
      "integrity": "889ff210f0b4292591721be07244ecb1b5c118742f5273c70cf30d7cd4184d0c",
      "dependencies": [
        "jsr:@std/assert",
        "jsr:@std/bytes",
        "jsr:@std/crypto",
        "jsr:@std/encoding@1",
        "jsr:@std/http",
        "jsr:@std/media-types"
      ]
    },
    "@oak/oak@17.1.4": {
      "integrity": "60530b582bf276ff741e39cc664026781aa08dd5f2bc5134d756cc427bf2c13e",
      "dependencies": [
        "jsr:@oak/commons@1",
        "jsr:@std/assert",
        "jsr:@std/bytes",
        "jsr:@std/http",
        "jsr:@std/media-types",
        "jsr:@std/path@1",
        "npm:path-to-regexp"
      ]
    },
    "@std/assert@1.0.13": {
      "integrity": "ae0d31e41919b12c656c742b22522c32fb26ed0cba32975cb0de2a273cb68b29",
      "dependencies": [
        "jsr:@std/internal"
      ]
    },
    "@std/bytes@1.0.5": {
      "integrity": "4465dd739d7963d964c809202ebea6d5c6b8e3829ef25c6a224290fbb8a1021e"
    },
    "@std/crypto@1.0.4": {
      "integrity": "cee245c453bd5366207f4d8aa25ea3e9c86cecad2be3fefcaa6cb17203d79340"
    },
    "@std/encoding@1.0.10": {
      "integrity": "8783c6384a2d13abd5e9e87a7ae0520a30e9f56aeeaa3bdf910a3eaaf5c811a1"
    },
    "@std/fs@1.0.17": {
      "integrity": "1c00c632677c1158988ef7a004cb16137f870aafdb8163b9dce86ec652f3952b",
      "dependencies": [
        "jsr:@std/path@^1.0.9"
      ]
    },
    "@std/http@1.0.15": {
      "integrity": "435a4934b4e196e82a8233f724da525f7b7112f3566502f28815e94764c19159",
      "dependencies": [
        "jsr:@std/encoding@^1.0.10"
      ]
    },
    "@std/internal@1.0.6": {
      "integrity": "9533b128f230f73bd209408bb07a4b12f8d4255ab2a4d22a1fd6d87304aca9a4"
    },
    "@std/media-types@1.1.0": {
      "integrity": "c9d093f0c05c3512932b330e3cc1fe1d627b301db33a4c2c2185c02471d6eaa4"
    },
    "@std/path@1.0.9": {
      "integrity": "260a49f11edd3db93dd38350bf9cd1b4d1366afa98e81b86167b4e3dd750129e"
    }
  },
  "npm": {
    "@babel/runtime@7.27.1": {
      "integrity": "sha512-1x3D2xEk2fRo3PAhwQwu5UubzgiVWSXTBfWpVd2Mx2AzRqJuDJCsgaDVZ7HB5iGzDW1Hl1sWN2mFyKjmR9uAog=="
    },
    "@davepagurek/bezier-path@0.0.2": {
      "integrity": "sha512-4L9ddgzZc9DRGyl1RrS3z5nwnVJoyjsAelVG4X1jh4tVxryEHr4H9QavhxW/my6Rn3669Qz6mhv8gd5O/WeFTA=="
    },
    "@japont/unicode-range@1.0.0": {
      "integrity": "sha512-BckHvA2XdjRBVAWe2uceNuRf78lBeI28kyWEbfr/Q2pE17POkwuZ6WWY/UMv8FL9iBxhW4xfDoNLM9UVZaTeUQ=="
    },
    "@module-federation/error-codes@0.13.0": {
      "integrity": "sha512-4soAMLr7qcVWuvCsyRmBbiBfuhxmnDeyl+qzjMx8VurQgL+XQDQJapM9RXngNGT4g8FoCq9o7rM5YWNgFFNUiw=="
    },
    "@module-federation/runtime-core@0.13.0": {
      "integrity": "sha512-Oj/1p0mfxZ+8EbU7ND4gMvRmikFpIvPCbblOgat9N8ZIVAKYpTimCgMhzg4yRqAwzlGCVwnnW7XZ8UlA+Zqrvg==",
      "dependencies": [
        "@module-federation/error-codes",
        "@module-federation/sdk"
      ]
    },
    "@module-federation/runtime-tools@0.13.0": {
      "integrity": "sha512-6ECWX18yGrQKcmkrQoNPd5VEpxZP1SMaB/Bp55xlpEhsrpn4zHnriQluxDw6xldjSOLl1qbokfxwCwjS2OaEbg==",
      "dependencies": [
        "@module-federation/runtime",
        "@module-federation/webpack-bundler-runtime"
      ]
    },
    "@module-federation/runtime@0.13.0": {
      "integrity": "sha512-Ne/3AEVWz6LL6G/i41O5MC6YYlg0SatNNqG/0XbuMAfyGM+llRmB6VKt0o2+JR4isxWuPNp97TbUkkfORit6Eg==",
      "dependencies": [
        "@module-federation/error-codes",
        "@module-federation/runtime-core",
        "@module-federation/sdk"
      ]
    },
    "@module-federation/sdk@0.13.0": {
      "integrity": "sha512-JdMZaPD+EQvMJYS+/8/8QjaAHQ3qljogvioXBsAuedcStu/msn5e1Fswc0G34kXY9ixs2hUPZU2cAllfSKWIBQ=="
    },
    "@module-federation/webpack-bundler-runtime@0.13.0": {
      "integrity": "sha512-ycgAsFeCTo+3GR8JxkhCyg2UZm6Au98ISdLTdVXYphO4UDcO/KjqyJen1LXEslkpCEohDj68Prei2fUHRruK6g==",
      "dependencies": [
        "@module-federation/runtime",
        "@module-federation/sdk"
      ]
    },
    "@rspack/binding-darwin-arm64@1.3.8": {
      "integrity": "sha512-FlfWZzwCxDfLwyiqGaCSINHt2Er1Wno9xZrf2QM7Ss00HyocPo4BUYGYBEi4dai/fPFoeYKeEAdsNdrVmFH4+g==",
      "os": ["darwin"],
      "cpu": ["arm64"]
    },
    "@rspack/binding-darwin-x64@1.3.8": {
      "integrity": "sha512-IGXDKHDHiL7WxE/OZMaeIuHzqOzDam3k8WrseHAdl5upKvCp/snwwGdulB/rqGxwkQIXIsv105vIFbGOAe2g0A==",
      "os": ["darwin"],
      "cpu": ["x64"]
    },
    "@rspack/binding-linux-arm64-gnu@1.3.8": {
      "integrity": "sha512-PU9fv8knPvbxQb8NrDmTrLVpy8QY0vuhzk69/ZuLRW89c0P14HovYeHV+38cQHho4++avUQgVp6vnJI9vSQjtg==",
      "os": ["linux"],
      "cpu": ["arm64"]
    },
    "@rspack/binding-linux-arm64-musl@1.3.8": {
      "integrity": "sha512-UMZBuTw5iXeA6gmtZYQvAb7g56odfoIkU6YvfqV67AMU0EY2y52sc7ABFloDzURJ1xd2om01Nlru8y48S2lMPw==",
      "os": ["linux"],
      "cpu": ["arm64"]
    },
    "@rspack/binding-linux-x64-gnu@1.3.8": {
      "integrity": "sha512-48hfwVsD2/Caa0HgZiqE1T20H89cnomcaP92++x8t4IQ2uKA9xCeBW87RD/AaKXcb78aM987ctE+asKjN8OVjw==",
      "os": ["linux"],
      "cpu": ["x64"]
    },
    "@rspack/binding-linux-x64-musl@1.3.8": {
      "integrity": "sha512-Jx+JlVnLzzVL/62NbEFaVcM2HU4QtNEF+wzo+yODNprx78ZLe3PJT/LdtwLMvE77K2PlGn5CZcmBay6Xwkd/2A==",
      "os": ["linux"],
      "cpu": ["x64"]
    },
    "@rspack/binding-win32-arm64-msvc@1.3.8": {
      "integrity": "sha512-84tifCsYhir/p5GH0knBOXtLpfRzIFDxF4nF4bHsuwaA1uqwyk0WlWGt4ZwRUtyzh0TN4cJdnqJl/f5209BdLw==",
      "os": ["win32"],
      "cpu": ["arm64"]
    },
    "@rspack/binding-win32-ia32-msvc@1.3.8": {
      "integrity": "sha512-Grrcfr95gRhJ7FbKtIxfhNAzSM+hvtD2jAMs9fmw/UrgiNsXeaWwJaYgImqHGirKIx8iygZ0t1q7ePIVM+SKMg==",
      "os": ["win32"],
      "cpu": ["ia32"]
    },
    "@rspack/binding-win32-x64-msvc@1.3.8": {
      "integrity": "sha512-wW+Ig3kVqcRcY+3mxZnruN4AdeJYjbEBd2zvheEAOvx/DC+xEQ6czvDXbZEZQQ9rU/znhuKl0Z+898q8l3LwzA==",
      "os": ["win32"],
      "cpu": ["x64"]
    },
    "@rspack/binding@1.3.8": {
      "integrity": "sha512-0oGrPgnwDsrDN7Swk7OZGvee8y/AdvDXF3f1QewkueJ5uyDaGszDxipEpf644HWIcj11fgNJQEphGEhaAVjofw==",
      "optionalDependencies": [
        "@rspack/binding-darwin-arm64",
        "@rspack/binding-darwin-x64",
        "@rspack/binding-linux-arm64-gnu",
        "@rspack/binding-linux-arm64-musl",
        "@rspack/binding-linux-x64-gnu",
        "@rspack/binding-linux-x64-musl",
        "@rspack/binding-win32-arm64-msvc",
        "@rspack/binding-win32-ia32-msvc",
        "@rspack/binding-win32-x64-msvc"
      ]
    },
    "@rspack/core@1.3.8": {
      "integrity": "sha512-1zefymDypUROYzGGNa553JR1Ah8En25npwSRIZCuZvfjo6nME6XvjkMxQwhjzMStoqRmFD9+nKUHSiN5jVWWyw==",
      "dependencies": [
        "@module-federation/runtime-tools",
        "@rspack/binding",
        "@rspack/lite-tapable",
        "caniuse-lite"
      ]
    },
    "@rspack/lite-tapable@1.0.1": {
      "integrity": "sha512-VynGOEsVw2s8TAlLf/uESfrgfrq2+rcXB1muPJYBWbsm1Oa6r5qVQhjA5ggM6z/coYPrsVMgovl3Ff7Q7OCp1w=="
    },
    "@types/node@22.12.0": {
      "integrity": "sha512-Fll2FZ1riMjNmlmJOdAyY5pUbkftXslB5DgEzlIuNaiWhXd00FhWxVC/r4yV/4wBb9JfImTu+jiSvXTkJ7F/gA==",
      "dependencies": [
        "undici-types"
      ]
    },
    "acorn-walk@8.3.4": {
      "integrity": "sha512-ueEepnujpqee2o5aIYnvHU6C0A42MNdsIDeqy5BydrkuC5R1ZuUFnm27EeFJGoEHJQgn3uleRvmTXaJgfXbt4g==",
      "dependencies": [
        "acorn"
      ]
    },
    "acorn@8.14.1": {
      "integrity": "sha512-OvQ/2pUDKmgfCg++xsTX1wGxfTaszcHVcTctW4UJB4hibJx2HXxxO5UmVgyjMa+ZDsiaf5wWLXYpRWMmBI0QHg==",
      "bin": true
    },
    "caniuse-lite@1.0.30001717": {
      "integrity": "sha512-auPpttCq6BDEG8ZAuHJIplGw6GODhjw+/11e7IjpnYCxZcW/ONgPs0KVBJ0d1bY3e2+7PRe5RCLyP+PfwVgkYw=="
    },
    "chalk@5.4.1": {
      "integrity": "sha512-zgVZuo2WcZgfUEmsn6eO3kINexW8RAE4maiQ8QNs8CtpPCSyMiYsULR3HQYkm3w8FIA3SberyMJMSldGsW+U3w=="
    },
    "colorjs.io@0.5.2": {
      "integrity": "sha512-twmVoizEW7ylZSN32OgKdXRmo1qg+wT5/6C3xu5b9QsWzSFAhHLn2xd8ro0diCsKfCj1RdaTP/nrcW+vAoQPIw=="
    },
    "escodegen@2.1.0": {
      "integrity": "sha512-2NlIDTwUWJN0mRPQOdtQBzbUHvdGY2P1VXSyU83Q3xKxM7WHX2Ql8dKq782Q9TgQUNOLEzEYu9bzLNj1q88I5w==",
      "dependencies": [
        "esprima",
        "estraverse",
        "esutils"
      ],
      "optionalDependencies": [
        "source-map"
      ],
      "bin": true
    },
    "esprima@4.0.1": {
      "integrity": "sha512-eGuFFw7Upda+g4p+QHvnW0RyTX/SVeJBDM/gCtMARO0cLuT2HcEKnTPvhjV6aGeqrCB/sbNop0Kszm0jsaWU4A==",
      "bin": true
    },
    "estraverse@5.3.0": {
      "integrity": "sha512-MMdARuVEQziNTeJD8DgMqmhwR11BRQ/cBP+pLtYdSTnf3MIO8fFeiINEbX36ZdNlfU/7A9f3gUw49B3oQsvwBA=="
    },
    "esutils@2.0.3": {
      "integrity": "sha512-kVscqXk4OCp68SZ0dkgEKVi6/8ij300KBWTJq32P/dYeWTSwK41WyTxalN1eRmA5Z9UU/LX9D7FWSmV9SAYx6g=="
    },
    "file-saver@1.3.8": {
      "integrity": "sha512-spKHSBQIxxS81N/O21WmuXA2F6wppUCsutpzenOeZzOCCJ5gEfcbqJP983IrpLXzYmXnMUa6J03SubcNPdKrlg=="
    },
    "gifenc@1.0.3": {
      "integrity": "sha512-xdr6AdrfGBcfzncONUOlXMBuc5wJDtOueE3c5rdG0oNgtINLD+f2iFZltrBRZYzACRbKr+mSVU/x98zv2u3jmw=="
    },
    "i18next-browser-languagedetector@4.3.1": {
      "integrity": "sha512-KIToAzf8zwWvacgnRwJp63ase26o24AuNUlfNVJ5YZAFmdGhsJpmFClxXPuk9rv1FMI4lnc8zLSqgZPEZMrW4g==",
      "dependencies": [
        "@babel/runtime"
      ]
    },
    "i18next@19.9.2": {
      "integrity": "sha512-0i6cuo6ER6usEOtKajUUDj92zlG+KArFia0857xxiEHAQcUwh/RtOQocui1LPJwunSYT574Pk64aNva1kwtxZg==",
      "dependencies": [
        "@babel/runtime"
      ]
    },
    "libtess@1.2.2": {
      "integrity": "sha512-Nps8HPeVVcsmJxUvFLKVJcCgcz+1ajPTXDVAVPs6+giOQP4AHV31uZFFkh+CKow/bkB7GbZWKmwmit7myaqDSw=="
    },
    "omggif@1.0.10": {
      "integrity": "sha512-LMJTtvgc/nugXj0Vcrrs68Mn2D1r0zf630VNtqtpI1FEO7e+O9FP4gqs9AcnBaSEeoHIPm28u6qgPR0oyEpGSw=="
    },
    "p5@2.0.1": {
      "integrity": "sha512-OLvuTaca4qN9188BCq6sFMzsfTctDZ6lbNXXoeCxOBjqg7WYQ4J1qHXbusJlj4CkdpUv/aIh4r+URcjUUI39Rw==",
      "dependencies": [
        "@davepagurek/bezier-path",
        "@japont/unicode-range",
        "acorn",
        "acorn-walk",
        "colorjs.io",
        "escodegen",
        "file-saver",
        "gifenc",
        "i18next",
        "i18next-browser-languagedetector",
        "libtess",
        "omggif",
        "pako",
        "pixelmatch",
        "zod"
      ]
    },
    "pako@2.1.0": {
      "integrity": "sha512-w+eufiZ1WuJYgPXbV/PO3NCMEc3xqylkKHzp8bxp1uW4qaSNQUkwmLLEc3kKsfz8lpV1F8Ht3U1Cm+9Srog2ug=="
    },
    "path-to-regexp@6.3.0": {
      "integrity": "sha512-Yhpw4T9C6hPpgPeA28us07OJeqZ5EzQTkbfwuhsUg0c237RomFoETJgmp2sa3F/41gfLE6G5cqcYwznmeEeOlQ=="
    },
    "pixelmatch@7.1.0": {
      "integrity": "sha512-1wrVzJ2STrpmONHKBy228LM1b84msXDUoAzVEl0R8Mz4Ce6EPr+IVtxm8+yvrqLYMHswREkjYFaMxnyGnaY3Ng==",
      "dependencies": [
        "pngjs"
      ],
      "bin": true
    },
    "pngjs@7.0.0": {
      "integrity": "sha512-LKWqWJRhstyYo9pGvgor/ivk2w94eSjE3RGVuzLGlr3NmD8bf7RcYGze1mNdEHRP6TRP6rMuDHk5t44hnTRyow=="
    },
    "source-map@0.6.1": {
      "integrity": "sha512-UjgapumWlbMhkBgzT7Ykc5YXUT46F0iKu8SGXq0bcwP5dz/h0Plj6enJqjz1Zbq2l5WaqYnrVbwWOWMyF3F47g=="
    },
    "undici-types@6.20.0": {
      "integrity": "sha512-Ny6QZ2Nju20vw1SRHe3d9jVu6gJ+4e3+MMpqu7pqE5HT6WsTSlce++GQmK5UXS8mzV8DSYHrQH+Xrf2jVcuKNg=="
    },
    "zod@3.24.4": {
      "integrity": "sha512-OdqJE9UDRPwWsrHjLN2F8bPxvwJBK22EHLWtanu0LSYr5YqzsaaW3RMgmjwr8Rypg5k+meEJdSPXJZXE/yqOMg=="
    }
  },
  "workspace": {
    "dependencies": [
      "jsr:@oak/oak@^17.1.4",
      "jsr:@std/assert@1",
      "npm:@rspack/core@^1.3.8",
      "npm:chalk@^5.4.1",
      "npm:p5@^2.0.1"
    ]
  }
}
